
Microsoft Visual Studio Solution File, Format Version 12.00
# Visual Studio Version 17
VisualStudioVersion = 17.3.32613.301
MinimumVisualStudioVersion = 10.0.40219.1
Project("{FAE04EC0-301F-11D3-BF4B-00C04F79EFBC}") = "BlazorHybridWpf", "BlazorHybridWpf\BlazorHybridWpf.csproj", "{9C2DDE15-6ABB-4B76-AA18-2FFD03EB139B}"
EndProject
Project("{9A19103F-16F7-4668-BE54-9A1E7A4F7556}") = "SampleContent", "SampleContent\SampleContent.csproj", "{187023C3-2C4A-4D18-83C5-3393ECA64C14}"
EndProject
Global
	GlobalSection(SolutionConfigurationPlatforms) = preSolution
		Debug|Any CPU = Debug|Any CPU
		Release|Any CPU = Release|Any CPU
	EndGlobalSection
	GlobalSection(ProjectConfigurationPlatforms) = postSolution
		{9C2DDE15-6ABB-4B76-AA18-2FFD03EB139B}.Debug|Any CPU.ActiveCfg = Debug|Any CPU
		{9C2DDE15-6ABB-4B76-AA18-2FFD03EB139B}.Debug|Any CPU.Build.0 = Debug|Any CPU
		{9C2DDE15-6ABB-4B76-AA18-2FFD03EB139B}.Release|Any CPU.ActiveCfg = Release|Any CPU
		{9C2DDE15-6ABB-4B76-AA18-2FFD03EB139B}.Release|Any CPU.Build.0 = Release|Any CPU
		{187023C3-2C4A-4D18-83C5-3393ECA64C14}.Debug|Any CPU.ActiveCfg = Debug|Any CPU
		{187023C3-2C4A-4D18-83C5-3393ECA64C14}.Debug|Any CPU.Build.0 = Debug|Any CPU
		{187023C3-2C4A-4D18-83C5-3393ECA64C14}.Release|Any CPU.ActiveCfg = Release|Any CPU
		{187023C3-2C4A-4D18-83C5-3393ECA64C14}.Release|Any CPU.Build.0 = Release|Any CPU
	EndGlobalSection
	GlobalSection(SolutionProperties) = preSolution
		HideSolutionNode = FALSE
	EndGlobalSection
	GlobalSection(ExtensibilityGlobals) = postSolution
		SolutionGuid = {3623258C-69AD-44CA-B5A8-DFAC9B78B81C}
	EndGlobalSection
EndGlobal
